
Microsoft Visual Studio Solution File, Format Version 12.00
# Visual Studio Version 17
VisualStudioVersion = 17.5.33516.290
MinimumVisualStudioVersion = 10.0.40219.1
Project("{FAE04EC0-301F-11D3-BF4B-00C04F79EFBC}") = "Diagrams", "Diagrams\Diagrams.csproj", "{4CF6D40D-CD2A-4B4F-BD28-9FA130C82BE4}"
EndProject
Global
	GlobalSection(SolutionConfigurationPlatforms) = preSolution
		Debug|Any CPU = Debug|Any CPU
		Release|Any CPU = Release|Any CPU
	EndGlobalSection
	GlobalSection(ProjectConfigurationPlatforms) = postSolution
		{4CF6D40D-CD2A-4B4F-BD28-9FA130C82BE4}.Debug|Any CPU.ActiveCfg = Debug|Any CPU
		{4CF6D40D-CD2A-4B4F-BD28-9FA130C82BE4}.Debug|Any CPU.Build.0 = Debug|Any CPU
		{4CF6D40D-CD2A-4B4F-BD28-9FA130C82BE4}.Release|Any CPU.ActiveCfg = Release|Any CPU
		{4CF6D40D-CD2A-4B4F-BD28-9FA130C82BE4}.Release|Any CPU.Build.0 = Release|Any CPU
	EndGlobalSection
	GlobalSection(SolutionProperties) = preSolution
		HideSolutionNode = FALSE
	EndGlobalSection
	GlobalSection(ExtensibilityGlobals) = postSolution
		SolutionGuid = {9D3BFFFA-C0AF-497A-B892-8A704000EB1D}
	EndGlobalSection
EndGlobal
